<?xml version="1.0" encoding="utf-8"?>
<Project ToolsVersion="4.0" xmlns="http://schemas.microsoft.com/developer/msbuild/2003">
  <ItemGroup>
    <Filter Include="Header Files">
      <UniqueIdentifier>{93995380-89BD-4b04-88EB-625FBE52EBFB}</UniqueIdentifier>
      <Extensions>h;hpp;hxx;hm;inl;inc;xsd</Extensions>
    </Filter>
    <Filter Include="Renderer">
      <UniqueIdentifier>{ea1ba20d-a906-4fe9-98bd-8e913f79f9c7}</UniqueIdentifier>
    </Filter>
    <Filter Include="SoftRWrap">
      <UniqueIdentifier>{57f080b0-22d2-416f-bfc1-15cefec79a02}</UniqueIdentifier>
    </Filter>
    <Filter Include="Uti">
      <UniqueIdentifier>{53ac9f2f-2b2a-4155-8fae-a1873d7652c2}</UniqueIdentifier>
    </Filter>
    <Filter Include="Platform">
      <UniqueIdentifier>{44d3885a-cf80-4a66-8bf8-642b2f40892f}</UniqueIdentifier>
    </Filter>
    <Filter Include="Uti\MathSRC">
      <UniqueIdentifier>{4f3f4737-bed5-47f8-a8d2-7226b88c163e}</UniqueIdentifier>
    </Filter>
    <Filter Include="Uti\Math">
      <UniqueIdentifier>{ffa625b9-a00a-4003-9916-285a6ce83247}</UniqueIdentifier>
    </Filter>
    <Filter Include="Uti\Common">
      <UniqueIdentifier>{6a885e4d-e075-461e-bfae-f0cc088d207b}</UniqueIdentifier>
    </Filter>
    <Filter Include="Uti\Object">
      <UniqueIdentifier>{85f4e873-7ead-476e-ba63-da4e51b88e2b}</UniqueIdentifier>
    </Filter>
    <Filter Include="Platform\D3D11Wrap">
      <UniqueIdentifier>{f5bde6fd-c367-488c-9374-66bb911ce8c9}</UniqueIdentifier>
    </Filter>
    <Filter Include="Platform\D3D11Wrap\D3D11Effects">
      <UniqueIdentifier>{20e81ff5-13cf-4d60-a8cb-2fc7c4106676}</UniqueIdentifier>
    </Filter>
    <Filter Include="Platform\Utilities">
      <UniqueIdentifier>{7e77be36-3c1c-418c-af27-e8bdf5cdb4aa}</UniqueIdentifier>
    </Filter>
    <Filter Include="App">
      <UniqueIdentifier>{4FC737F1-C7A5-4376-A066-2A32D752A2FF}</UniqueIdentifier>
      <Extensions>cpp;c;cc;cxx;def;odl;idl;hpj;bat;asm;asmx</Extensions>
    </Filter>
    <Filter Include="App\SoftR">
      <UniqueIdentifier>{a8e4d4b7-79d8-4239-bec1-683034426c90}</UniqueIdentifier>
    </Filter>
    <Filter Include="SoftRWrap\Resources">
      <UniqueIdentifier>{3b0da126-e879-45c9-aa7d-c9205d27bb35}</UniqueIdentifier>
    </Filter>
    <Filter Include="SoftRWrap\Resources\Buffer">
      <UniqueIdentifier>{87b96b89-baec-4674-989b-82c2927451ba}</UniqueIdentifier>
    </Filter>
    <Filter Include="SoftRWrap\Resources\Texture">
      <UniqueIdentifier>{009d0470-daeb-42c1-8edd-4f16f8b39cbc}</UniqueIdentifier>
    </Filter>
    <Filter Include="SoftRWrap\Resources\Shader">
      <UniqueIdentifier>{46651d6c-5e9e-493a-a160-2c3fded5f17f}</UniqueIdentifier>
    </Filter>
    <Filter Include="SoftRWrap\Pipline">
      <UniqueIdentifier>{7359b7df-8897-4980-9211-038b171b7772}</UniqueIdentifier>
    </Filter>
    <Filter Include="SoftRWrap\Pipline\Stage">
      <UniqueIdentifier>{80474903-4ece-48ca-8353-62bda6d2d5c5}</UniqueIdentifier>
    </Filter>
    <Filter Include="SoftRWrap\Pipline\Sampler">
      <UniqueIdentifier>{65cbe795-28ad-4202-8f5f-3c400cab44be}</UniqueIdentifier>
    </Filter>
    <Filter Include="SoftRWrap\Pipline\View">
      <UniqueIdentifier>{eea88037-09f5-470b-ae8d-af856e50e774}</UniqueIdentifier>
    </Filter>
    <Filter Include="SoftRWrap\Shaders">
      <UniqueIdentifier>{0bcbdd52-6895-4d0e-a300-b2a4fe277e0e}</UniqueIdentifier>
    </Filter>
    <Filter Include="SoftRWrap\SimGPU">
      <UniqueIdentifier>{a7726d3f-6d8f-467c-b896-2d19cd309ebb}</UniqueIdentifier>
    </Filter>
    <Filter Include="MemTOUSE">
      <UniqueIdentifier>{9736624c-10e4-4fc1-80f0-3edc8ce1098c}</UniqueIdentifier>
    </Filter>
    <Filter Include="Uti\Debug">
      <UniqueIdentifier>{a94cf20d-73e7-41fe-b316-a588ca4541b1}</UniqueIdentifier>
    </Filter>
  </ItemGroup>
  <ItemGroup>
    <ClCompile Include="Camera.cpp">
      <Filter>Uti\Common</Filter>
    </ClCompile>
    <ClCompile Include="Mesh.cpp">
      <Filter>Uti\Object</Filter>
    </ClCompile>
    <ClCompile Include="Object.cpp">
      <Filter>Uti\Object</Filter>
    </ClCompile>
    <ClCompile Include="Node.cpp">
      <Filter>Uti\Object</Filter>
    </ClCompile>
    <ClCompile Include="BaseGeometryGenerator.cpp">
      <Filter>Uti\Object</Filter>
    </ClCompile>
    <ClCompile Include="GameTimer.cpp">
      <Filter>Platform\Utilities</Filter>
    </ClCompile>
    <ClCompile Include="RBMath\Src\Color32.cpp">
      <Filter>Uti\MathSRC</Filter>
    </ClCompile>
    <ClCompile Include="RBMath\Src\Colorf.cpp">
      <Filter>Uti\MathSRC</Filter>
    </ClCompile>
    <ClCompile Include="RBMath\Src\RBMath.cpp">
      <Filter>Uti\MathSRC</Filter>
    </ClCompile>
    <ClCompile Include="RBMath\Src\RBMathImpl.cpp">
      <Filter>Uti\MathSRC</Filter>
    </ClCompile>
    <ClCompile Include="GlobalEnv.cpp">
      <Filter>Uti\Common</Filter>
    </ClCompile>
    <ClCompile Include="D3D11Buffer.cpp">
      <Filter>Platform\D3D11Wrap</Filter>
    </ClCompile>
    <ClCompile Include="Shader.cpp">
      <Filter>Platform\D3D11Wrap</Filter>
    </ClCompile>
    <ClCompile Include="Logger.cpp">
      <Filter>Uti\Common</Filter>
    </ClCompile>
    <ClCompile Include="d3dApp.cpp">
      <Filter>App</Filter>
    </ClCompile>
    <ClCompile Include="D3D11InputElementDesc.cpp">
      <Filter>Platform\D3D11Wrap</Filter>
    </ClCompile>
    <ClCompile Include="D3D11Texture.cpp">
      <Filter>Platform\D3D11Wrap</Filter>
    </ClCompile>
    <ClCompile Include="ResourceManager.cpp">
      <Filter>Uti\Common</Filter>
    </ClCompile>
    <ClCompile Include="Input.cpp">
      <Filter>Uti\Common</Filter>
    </ClCompile>
    <ClCompile Include="InputManager.cpp">
      <Filter>Uti\Common</Filter>
    </ClCompile>
    <ClCompile Include="Utilities.cpp">
      <Filter>Uti\Common</Filter>
    </ClCompile>
    <ClCompile Include="D3D11Texture2D.cpp">
      <Filter>Platform\D3D11Wrap</Filter>
    </ClCompile>
    <ClCompile Include="D3D11RenderTexture.cpp">
      <Filter>Platform\D3D11Wrap</Filter>
    </ClCompile>
    <ClCompile Include="2DRendering.cpp">
      <Filter>Platform\D3D11Wrap\D3D11Effects</Filter>
    </ClCompile>
    <ClCompile Include="D3D11CameraSprite.cpp">
      <Filter>Platform\D3D11Wrap</Filter>
    </ClCompile>
    <ClCompile Include="D3D11TextureArray.cpp">
      <Filter>Platform\D3D11Wrap</Filter>
    </ClCompile>
    <ClCompile Include="SoftRApp.cpp">
      <Filter>App\SoftR</Filter>
    </ClCompile>
    <ClCompile Include="main.cpp" />
    <ClCompile Include="Win32SoftRKey.cpp">
      <Filter>App\SoftR</Filter>
    </ClCompile>
    <ClCompile Include="SoftR\BufferBase.cpp">
      <Filter>SoftRWrap\Resources\Buffer</Filter>
    </ClCompile>
    <ClCompile Include="SoftR\BufferConstant.cpp">
      <Filter>SoftRWrap\Resources\Buffer</Filter>
    </ClCompile>
    <ClCompile Include="SoftR\BufferIndex.cpp">
      <Filter>SoftRWrap\Resources\Buffer</Filter>
    </ClCompile>
    <ClCompile Include="SoftR\BufferUnorder.cpp">
      <Filter>SoftRWrap\Resources\Buffer</Filter>
    </ClCompile>
    <ClCompile Include="SoftR\BufferVertex.cpp">
      <Filter>SoftRWrap\Resources\Buffer</Filter>
    </ClCompile>
    <ClCompile Include="SoftR\ShaderBase.cpp">
      <Filter>SoftRWrap\Resources\Shader</Filter>
    </ClCompile>
    <ClCompile Include="SoftR\ShaderPixel.cpp">
      <Filter>SoftRWrap\Resources\Shader</Filter>
    </ClCompile>
    <ClCompile Include="SoftR\ShaderVertex.cpp">
      <Filter>SoftRWrap\Resources\Shader</Filter>
    </ClCompile>
    <ClCompile Include="SoftR\Texture1D.cpp">
      <Filter>SoftRWrap\Resources\Texture</Filter>
    </ClCompile>
    <ClCompile Include="SoftR\Texture2D.cpp">
      <Filter>SoftRWrap\Resources\Texture</Filter>
    </ClCompile>
    <ClCompile Include="SoftR\Texture3D.cpp">
      <Filter>SoftRWrap\Resources\Texture</Filter>
    </ClCompile>
    <ClCompile Include="SoftR\TextureBase.cpp">
      <Filter>SoftRWrap\Resources\Texture</Filter>
    </ClCompile>
    <ClCompile Include="SoftR\StageBase.cpp">
      <Filter>SoftRWrap\Pipline\Stage</Filter>
    </ClCompile>
    <ClCompile Include="SoftR\StageGS.cpp">
      <Filter>SoftRWrap\Pipline\Stage</Filter>
    </ClCompile>
    <ClCompile Include="SoftR\StageIA.cpp">
      <Filter>SoftRWrap\Pipline\Stage</Filter>
    </ClCompile>
    <ClCompile Include="SoftR\StageOM.cpp">
      <Filter>SoftRWrap\Pipline\Stage</Filter>
    </ClCompile>
    <ClCompile Include="SoftR\StagePS.cpp">
      <Filter>SoftRWrap\Pipline\Stage</Filter>
    </ClCompile>
    <ClCompile Include="SoftR\StageVS.cpp">
      <Filter>SoftRWrap\Pipline\Stage</Filter>
    </ClCompile>
    <ClCompile Include="SoftR\Pipeline.cpp">
      <Filter>SoftRWrap\Pipline</Filter>
    </ClCompile>
    <ClCompile Include="SoftR\Rasterizer.cpp">
      <Filter>SoftRWrap\Pipline</Filter>
    </ClCompile>
    <ClCompile Include="SoftR\SamplePoint.cpp">
      <Filter>SoftRWrap\Pipline\Sampler</Filter>
    </ClCompile>
    <ClCompile Include="SoftR\SamplerBase.cpp">
      <Filter>SoftRWrap\Pipline\Sampler</Filter>
    </ClCompile>
    <ClCompile Include="SoftR\ViewBase.cpp">
      <Filter>SoftRWrap\Pipline\View</Filter>
    </ClCompile>
    <ClCompile Include="SoftR\ViewRenderTarget.cpp">
      <Filter>SoftRWrap\Pipline\View</Filter>
    </ClCompile>
    <ClCompile Include="SoftR\ViewShaderResource.cpp">
      <Filter>SoftRWrap\Pipline\View</Filter>
    </ClCompile>
    <ClCompile Include="SoftR\ViewUnorderAccess.cpp">
      <Filter>SoftRWrap\Pipline\View</Filter>
    </ClCompile>
    <ClCompile Include="Profiler.cpp">
      <Filter>Uti\Common</Filter>
    </ClCompile>
    <ClCompile Include="RBTimer.cpp">
      <Filter>Uti\Common</Filter>
    </ClCompile>
    <ClCompile Include="SoftR\SimGPU.cpp">
      <Filter>SoftRWrap\SimGPU</Filter>
    </ClCompile>
    <ClCompile Include="Mem\MemoryFrame.cpp">
      <Filter>MemTOUSE</Filter>
    </ClCompile>
    <ClCompile Include="Mem\MemoryManager.cpp">
      <Filter>MemTOUSE</Filter>
    </ClCompile>
    <ClCompile Include="Mem\MemoryPool.cpp">
      <Filter>MemTOUSE</Filter>
    </ClCompile>
    <ClCompile Include="Mem\test.cpp">
      <Filter>MemTOUSE</Filter>
    </ClCompile>
    <ClCompile Include="Mem\Trace.cpp">
      <Filter>MemTOUSE</Filter>
    </ClCompile>
    <ClCompile Include="SoftR\InnerData.cpp">
      <Filter>SoftRWrap</Filter>
    </ClCompile>
    <ClCompile Include="Remotery.c">
      <Filter>Uti\Debug</Filter>
    </ClCompile>
    <ClCompile Include="Debug.cpp">
      <Filter>Uti\Debug</Filter>
    </ClCompile>
  </ItemGroup>
  <ItemGroup>
    <ClInclude Include="Camera.h">
      <Filter>Uti\Common</Filter>
    </ClInclude>
    <ClInclude Include="BaseGeometryGenerator.h">
      <Filter>Uti\Object</Filter>
    </ClInclude>
    <ClInclude Include="Mesh.h">
      <Filter>Uti\Object</Filter>
    </ClInclude>
    <ClInclude Include="Node.h">
      <Filter>Uti\Object</Filter>
    </ClInclude>
    <ClInclude Include="d3dUtil.h">
      <Filter>Platform\Utilities</Filter>
    </ClInclude>
    <ClInclude Include="GameTimer.h">
      <Filter>Platform\Utilities</Filter>
    </ClInclude>
    <ClInclude Include="Object.h">
      <Filter>Uti\Object</Filter>
    </ClInclude>
    <ClInclude Include="D3D11Buffer.h">
      <Filter>Platform\D3D11Wrap</Filter>
    </ClInclude>
    <ClInclude Include="GlobalEnv.h">
      <Filter>Uti\Common</Filter>
    </ClInclude>
    <ClInclude Include="D3D11InputElementDesc.h">
      <Filter>Platform\D3D11Wrap</Filter>
    </ClInclude>
    <ClInclude Include="D3D11Renderer.h">
      <Filter>Platform\D3D11Wrap</Filter>
    </ClInclude>
    <ClInclude Include="Shader.h">
      <Filter>Platform\D3D11Wrap</Filter>
    </ClInclude>
    <ClInclude Include="VertexFormats.h">
      <Filter>Platform\D3D11Wrap</Filter>
    </ClInclude>
    <ClInclude Include="Uitilities.h">
      <Filter>Uti\Common</Filter>
    </ClInclude>
    <ClInclude Include="Logger.h">
      <Filter>Uti\Common</Filter>
    </ClInclude>
    <ClInclude Include="d3dApp.h">
      <Filter>App</Filter>
    </ClInclude>
    <ClInclude Include="ResourceManager.h">
      <Filter>Uti\Common</Filter>
    </ClInclude>
    <ClInclude Include="KeyDefinetions.h">
      <Filter>Uti\Common</Filter>
    </ClInclude>
    <ClInclude Include="Input.h">
      <Filter>Uti\Common</Filter>
    </ClInclude>
    <ClInclude Include="InputManager.h">
      <Filter>Uti\Common</Filter>
    </ClInclude>
    <ClInclude Include="D3D11Texture2D.h">
      <Filter>Platform\D3D11Wrap</Filter>
    </ClInclude>
    <ClInclude Include="D3D11RenderTexture.h">
      <Filter>Platform\D3D11Wrap</Filter>
    </ClInclude>
    <ClInclude Include="D3D11Texture.h">
      <Filter>Platform\D3D11Wrap</Filter>
    </ClInclude>
    <ClInclude Include="2DRendering.h">
      <Filter>Platform\D3D11Wrap\D3D11Effects</Filter>
    </ClInclude>
    <ClInclude Include="D3D11CameraSprite.h">
      <Filter>Platform\D3D11Wrap</Filter>
    </ClInclude>
    <ClInclude Include="RBMath\Inc\AABB.h">
      <Filter>Uti\Math</Filter>
    </ClInclude>
    <ClInclude Include="RBMath\Inc\Axis.h">
      <Filter>Uti\Math</Filter>
    </ClInclude>
    <ClInclude Include="RBMath\Inc\Box.h">
      <Filter>Uti\Math</Filter>
    </ClInclude>
    <ClInclude Include="RBMath\Inc\Color.h">
      <Filter>Uti\Math</Filter>
    </ClInclude>
    <ClInclude Include="RBMath\Inc\Color32.h">
      <Filter>Uti\Math</Filter>
    </ClInclude>
    <ClInclude Include="RBMath\Inc\Colorf.h">
      <Filter>Uti\Math</Filter>
    </ClInclude>
    <ClInclude Include="RBMath\Inc\Complex.h">
      <Filter>Uti\Math</Filter>
    </ClInclude>
    <ClInclude Include="RBMath\Inc\Curves.h">
      <Filter>Uti\Math</Filter>
    </ClInclude>
    <ClInclude Include="RBMath\Inc\FFT.h">
      <Filter>Uti\Math</Filter>
    </ClInclude>
    <ClInclude Include="RBMath\Inc\Matrix.h">
      <Filter>Uti\Math</Filter>
    </ClInclude>
    <ClInclude Include="RBMath\Inc\Plane.h">
      <Filter>Uti\Math</Filter>
    </ClInclude>
    <ClInclude Include="RBMath\Inc\Quaternion.h">
      <Filter>Uti\Math</Filter>
    </ClInclude>
    <ClInclude Include="RBMath\Inc\RBMath.h">
      <Filter>Uti\Math</Filter>
    </ClInclude>
    <ClInclude Include="RBMath\Inc\RBMathBase.h">
      <Filter>Uti\Math</Filter>
    </ClInclude>
    <ClInclude Include="RBMath\Inc\RBMathUtilities.h">
      <Filter>Uti\Math</Filter>
    </ClInclude>
    <ClInclude Include="RBMath\Inc\RBVectors.h">
      <Filter>Uti\Math</Filter>
    </ClInclude>
    <ClInclude Include="RBMath\Inc\Vector2.h">
      <Filter>Uti\Math</Filter>
    </ClInclude>
    <ClInclude Include="RBMath\Inc\Vector3.h">
      <Filter>Uti\Math</Filter>
    </ClInclude>
    <ClInclude Include="RBMath\Inc\Vector4.h">
      <Filter>Uti\Math</Filter>
    </ClInclude>
    <ClInclude Include="D3D11TextureArray.h">
      <Filter>Platform\D3D11Wrap</Filter>
    </ClInclude>
    <ClInclude Include="SoftRApp.h">
      <Filter>App\SoftR</Filter>
    </ClInclude>
    <ClInclude Include="SoftR\BaseShaderVS.h">
      <Filter>SoftRWrap\Shaders</Filter>
    </ClInclude>
    <ClInclude Include="SoftR\BaseShaderPS.h">
      <Filter>SoftRWrap\Shaders</Filter>
    </ClInclude>
    <ClInclude Include="Effect.h">
      <Filter>Platform\D3D11Wrap\D3D11Effects</Filter>
    </ClInclude>
    <ClInclude Include="SoftR\BufferBase.h">
      <Filter>SoftRWrap\Resources\Buffer</Filter>
    </ClInclude>
    <ClInclude Include="SoftR\BufferConstant.h">
      <Filter>SoftRWrap\Resources\Buffer</Filter>
    </ClInclude>
    <ClInclude Include="SoftR\BufferIndex.h">
      <Filter>SoftRWrap\Resources\Buffer</Filter>
    </ClInclude>
    <ClInclude Include="SoftR\BufferUnorder.h">
      <Filter>SoftRWrap\Resources\Buffer</Filter>
    </ClInclude>
    <ClInclude Include="SoftR\BufferVertex.h">
      <Filter>SoftRWrap\Resources\Buffer</Filter>
    </ClInclude>
    <ClInclude Include="SoftR\ShaderBase.h">
      <Filter>SoftRWrap\Resources\Shader</Filter>
    </ClInclude>
    <ClInclude Include="SoftR\ShaderGeometry.h">
      <Filter>SoftRWrap\Resources\Shader</Filter>
    </ClInclude>
    <ClInclude Include="SoftR\ShaderPixel.h">
      <Filter>SoftRWrap\Resources\Shader</Filter>
    </ClInclude>
    <ClInclude Include="SoftR\ShaderVertex.h">
      <Filter>SoftRWrap\Resources\Shader</Filter>
    </ClInclude>
    <ClInclude Include="SoftR\Texture1D.h">
      <Filter>SoftRWrap\Resources\Texture</Filter>
    </ClInclude>
    <ClInclude Include="SoftR\Texture2D.h">
      <Filter>SoftRWrap\Resources\Texture</Filter>
    </ClInclude>
    <ClInclude Include="SoftR\Texture3D.h">
      <Filter>SoftRWrap\Resources\Texture</Filter>
    </ClInclude>
    <ClInclude Include="SoftR\TextureBase.h">
      <Filter>SoftRWrap\Resources\Texture</Filter>
    </ClInclude>
    <ClInclude Include="SoftR\StageBase.h">
      <Filter>SoftRWrap\Pipline\Stage</Filter>
    </ClInclude>
    <ClInclude Include="SoftR\StageGS.h">
      <Filter>SoftRWrap\Pipline\Stage</Filter>
    </ClInclude>
    <ClInclude Include="SoftR\StageIA.h">
      <Filter>SoftRWrap\Pipline\Stage</Filter>
    </ClInclude>
    <ClInclude Include="SoftR\StageOM.h">
      <Filter>SoftRWrap\Pipline\Stage</Filter>
    </ClInclude>
    <ClInclude Include="SoftR\StagePS.h">
      <Filter>SoftRWrap\Pipline\Stage</Filter>
    </ClInclude>
    <ClInclude Include="SoftR\StageVS.h">
      <Filter>SoftRWrap\Pipline\Stage</Filter>
    </ClInclude>
    <ClInclude Include="SoftR\Pipeline.h">
      <Filter>SoftRWrap\Pipline</Filter>
    </ClInclude>
    <ClInclude Include="SoftR\Rasterizer.h">
      <Filter>SoftRWrap\Pipline</Filter>
    </ClInclude>
    <ClInclude Include="SoftR\SamplePoint.h">
      <Filter>SoftRWrap\Pipline\Sampler</Filter>
    </ClInclude>
    <ClInclude Include="SoftR\SamplerBase.h">
      <Filter>SoftRWrap\Pipline\Sampler</Filter>
    </ClInclude>
    <ClInclude Include="SoftR\VertexFormat.h">
      <Filter>SoftRWrap\Resources</Filter>
    </ClInclude>
    <ClInclude Include="SoftR\ViewBase.h">
      <Filter>SoftRWrap\Pipline\View</Filter>
    </ClInclude>
    <ClInclude Include="SoftR\ViewRenderTarget.h">
      <Filter>SoftRWrap\Pipline\View</Filter>
    </ClInclude>
    <ClInclude Include="SoftR\ViewShaderResouce.h">
      <Filter>SoftRWrap\Pipline\View</Filter>
    </ClInclude>
    <ClInclude Include="SoftR\ViewUnorderAccess.h">
      <Filter>SoftRWrap\Pipline\View</Filter>
    </ClInclude>
    <ClInclude Include="Profiler.h">
      <Filter>Uti\Common</Filter>
    </ClInclude>
    <ClInclude Include="RBTimer.h">
      <Filter>Uti\Common</Filter>
    </ClInclude>
    <ClInclude Include="SoftR\SimGPU.h">
      <Filter>SoftRWrap\SimGPU</Filter>
    </ClInclude>
    <ClInclude Include="SoftR\GPUMemory.h">
      <Filter>SoftRWrap\SimGPU</Filter>
    </ClInclude>
    <ClInclude Include="Mem\Assertion.h">
      <Filter>MemTOUSE</Filter>
    </ClInclude>
    <ClInclude Include="Mem\ATEST.h">
      <Filter>MemTOUSE</Filter>
    </ClInclude>
    <ClInclude Include="Mem\IMemory.h">
      <Filter>MemTOUSE</Filter>
    </ClInclude>
    <ClInclude Include="Mem\MemoryFrame.h">
      <Filter>MemTOUSE</Filter>
    </ClInclude>
    <ClInclude Include="Mem\MemoryManager.h">
      <Filter>MemTOUSE</Filter>
    </ClInclude>
    <ClInclude Include="Mem\MemoryPool.h">
      <Filter>MemTOUSE</Filter>
    </ClInclude>
    <ClInclude Include="Mem\RBBasedata.h">
      <Filter>MemTOUSE</Filter>
    </ClInclude>
    <ClInclude Include="Mem\Trace.h">
      <Filter>MemTOUSE</Filter>
    </ClInclude>
    <ClInclude Include="Mem\WindowsPlatformTemp.h">
      <Filter>MemTOUSE</Filter>
    </ClInclude>
    <ClInclude Include="ProducerConsumerQueue.h">
      <Filter>Uti\Common</Filter>
    </ClInclude>
    <ClInclude Include="SoftR\InnerData.h">
      <Filter>SoftRWrap</Filter>
    </ClInclude>
    <ClInclude Include="Remotery.h">
      <Filter>Uti\Debug</Filter>
    </ClInclude>
    <ClInclude Include="Debug.h">
      <Filter>Uti\Debug</Filter>
    </ClInclude>
  </ItemGroup>
</Project>